// !$*UTF8*$!
{
	archiveVersion = 1;
	classes = {
	};
	objectVersion = 51;
	objects = {

/* Begin PBXBuildFile section */
		2BC93572E48671B34365B9B9 /* Pods_Go_Place_Conductor.framework in Frameworks */ = {isa = PBXBuildFile; fileRef = BAE5EA0CD1CD42C020DB14C9 /* Pods_Go_Place_Conductor.framework */; };
		726EDEE8270C2301002BCE3E /* AppDelegate.swift in Sources */ = {isa = PBXBuildFile; fileRef = 726EDEE7270C2301002BCE3E /* AppDelegate.swift */; };
		726EDEEA270C2301002BCE3E /* SceneDelegate.swift in Sources */ = {isa = PBXBuildFile; fileRef = 726EDEE9270C2301002BCE3E /* SceneDelegate.swift */; };
		726EDEEC270C2301002BCE3E /* ViewController.swift in Sources */ = {isa = PBXBuildFile; fileRef = 726EDEEB270C2301002BCE3E /* ViewController.swift */; };
		726EDEEF270C2301002BCE3E /* Main.storyboard in Resources */ = {isa = PBXBuildFile; fileRef = 726EDEED270C2301002BCE3E /* Main.storyboard */; };
		726EDEF1270C2314002BCE3E /* Assets.xcassets in Resources */ = {isa = PBXBuildFile; fileRef = 726EDEF0270C2314002BCE3E /* Assets.xcassets */; };
		726EDEF4270C2314002BCE3E /* LaunchScreen.storyboard in Resources */ = {isa = PBXBuildFile; fileRef = 726EDEF2270C2314002BCE3E /* LaunchScreen.storyboard */; };
		726EDF00270C2FC7002BCE3E /* RecoverPasswordViewController.swift in Sources */ = {isa = PBXBuildFile; fileRef = 726EDEFF270C2FC7002BCE3E /* RecoverPasswordViewController.swift */; };
		727BD54C2739969900230283 /* GoogleService-Info.plist in Resources */ = {isa = PBXBuildFile; fileRef = 727BD54B2739969900230283 /* GoogleService-Info.plist */; };
		727BD5522739986200230283 /* Service.swift in Sources */ = {isa = PBXBuildFile; fileRef = 727BD5512739986200230283 /* Service.swift */; };
		727BD5542739A4EE00230283 /* HomeViewController.swift in Sources */ = {isa = PBXBuildFile; fileRef = 727BD5532739A4EE00230283 /* HomeViewController.swift */; };
		7281608D270D83480053A64D /* IniciarSesionViewController.swift in Sources */ = {isa = PBXBuildFile; fileRef = 7281608C270D83480053A64D /* IniciarSesionViewController.swift */; };
		7281608F270D88FE0053A64D /* RegistrateViewController.swift in Sources */ = {isa = PBXBuildFile; fileRef = 7281608E270D88FE0053A64D /* RegistrateViewController.swift */; };
/* End PBXBuildFile section */

/* Begin PBXFileReference section */
		726EDEE4270C2301002BCE3E /* Go Place Conductor.app */ = {isa = PBXFileReference; explicitFileType = wrapper.application; includeInIndex = 0; path = "Go Place Conductor.app"; sourceTree = BUILT_PRODUCTS_DIR; };
		726EDEE7270C2301002BCE3E /* AppDelegate.swift */ = {isa = PBXFileReference; lastKnownFileType = sourcecode.swift; path = AppDelegate.swift; sourceTree = "<group>"; };
		726EDEE9270C2301002BCE3E /* SceneDelegate.swift */ = {isa = PBXFileReference; lastKnownFileType = sourcecode.swift; path = SceneDelegate.swift; sourceTree = "<group>"; };
		726EDEEB270C2301002BCE3E /* ViewController.swift */ = {isa = PBXFileReference; lastKnownFileType = sourcecode.swift; path = ViewController.swift; sourceTree = "<group>"; };
		726EDEEE270C2301002BCE3E /* Base */ = {isa = PBXFileReference; lastKnownFileType = file.storyboard; name = Base; path = Base.lproj/Main.storyboard; sourceTree = "<group>"; };
		726EDEF0270C2314002BCE3E /* Assets.xcassets */ = {isa = PBXFileReference; lastKnownFileType = folder.assetcatalog; path = Assets.xcassets; sourceTree = "<group>"; };
		726EDEF3270C2314002BCE3E /* Base */ = {isa = PBXFileReference; lastKnownFileType = file.storyboard; name = Base; path = Base.lproj/LaunchScreen.storyboard; sourceTree = "<group>"; };
		726EDEF5270C2314002BCE3E /* Info.plist */ = {isa = PBXFileReference; lastKnownFileType = text.plist.xml; path = Info.plist; sourceTree = "<group>"; };
		726EDEFF270C2FC7002BCE3E /* RecoverPasswordViewController.swift */ = {isa = PBXFileReference; lastKnownFileType = sourcecode.swift; path = RecoverPasswordViewController.swift; sourceTree = "<group>"; };
		727BD54B2739969900230283 /* GoogleService-Info.plist */ = {isa = PBXFileReference; fileEncoding = 4; lastKnownFileType = text.plist.xml; name = "GoogleService-Info.plist"; path = "../../../Downloads/GoogleService-Info.plist"; sourceTree = "<group>"; };
		727BD5512739986200230283 /* Service.swift */ = {isa = PBXFileReference; lastKnownFileType = sourcecode.swift; path = Service.swift; sourceTree = "<group>"; };
		727BD5532739A4EE00230283 /* HomeViewController.swift */ = {isa = PBXFileReference; lastKnownFileType = sourcecode.swift; path = HomeViewController.swift; sourceTree = "<group>"; };
		7281608C270D83480053A64D /* IniciarSesionViewController.swift */ = {isa = PBXFileReference; lastKnownFileType = sourcecode.swift; path = IniciarSesionViewController.swift; sourceTree = "<group>"; };
		7281608E270D88FE0053A64D /* RegistrateViewController.swift */ = {isa = PBXFileReference; lastKnownFileType = sourcecode.swift; path = RegistrateViewController.swift; sourceTree = "<group>"; };
		B6ED4835B57573E1614971B9 /* Pods-Go Place Conductor.release.xcconfig */ = {isa = PBXFileReference; includeInIndex = 1; lastKnownFileType = text.xcconfig; name = "Pods-Go Place Conductor.release.xcconfig"; path = "Target Support Files/Pods-Go Place Conductor/Pods-Go Place Conductor.release.xcconfig"; sourceTree = "<group>"; };
		BAE5EA0CD1CD42C020DB14C9 /* Pods_Go_Place_Conductor.framework */ = {isa = PBXFileReference; explicitFileType = wrapper.framework; includeInIndex = 0; path = Pods_Go_Place_Conductor.framework; sourceTree = BUILT_PRODUCTS_DIR; };
		CC36A18E03154DC1F4264117 /* Pods-Go Place Conductor.debug.xcconfig */ = {isa = PBXFileReference; includeInIndex = 1; lastKnownFileType = text.xcconfig; name = "Pods-Go Place Conductor.debug.xcconfig"; path = "Target Support Files/Pods-Go Place Conductor/Pods-Go Place Conductor.debug.xcconfig"; sourceTree = "<group>"; };
/* End PBXFileReference section */

/* Begin PBXFrameworksBuildPhase section */
		726EDEE1270C2301002BCE3E /* Frameworks */ = {
			isa = PBXFrameworksBuildPhase;
			buildActionMask = 2147483647;
			files = (
				2BC93572E48671B34365B9B9 /* Pods_Go_Place_Conductor.framework in Frameworks */,
			);
			runOnlyForDeploymentPostprocessing = 0;
		};
/* End PBXFrameworksBuildPhase section */

/* Begin PBXGroup section */
		726EDEDB270C2300002BCE3E = {
			isa = PBXGroup;
			children = (
				726EDEE6270C2301002BCE3E /* Go Place Conductor */,
				726EDEE5270C2301002BCE3E /* Products */,
				E53E1E7F349D456283FCB231 /* Pods */,
				E272947E3D2531270964D9C1 /* Frameworks */,
			);
			sourceTree = "<group>";
		};
		726EDEE5270C2301002BCE3E /* Products */ = {
			isa = PBXGroup;
			children = (
				726EDEE4270C2301002BCE3E /* Go Place Conductor.app */,
			);
			name = Products;
			sourceTree = "<group>";
		};
		726EDEE6270C2301002BCE3E /* Go Place Conductor */ = {
			isa = PBXGroup;
			children = (
				727BD550273997CD00230283 /* WebServices */,
				727BD54F273997C100230283 /* Entities */,
				727BD54E273997B700230283 /* iPhone */,
				727BD54D273997AD00230283 /* General */,
				726EDEE7270C2301002BCE3E /* AppDelegate.swift */,
				726EDEE9270C2301002BCE3E /* SceneDelegate.swift */,
				726EDEEB270C2301002BCE3E /* ViewController.swift */,
				726EDEF0270C2314002BCE3E /* Assets.xcassets */,
				726EDEF2270C2314002BCE3E /* LaunchScreen.storyboard */,
				726EDEF5270C2314002BCE3E /* Info.plist */,
				727BD54B2739969900230283 /* GoogleService-Info.plist */,
				727BD5512739986200230283 /* Service.swift */,
			);
			path = "Go Place Conductor";
			sourceTree = "<group>";
		};
		727BD54D273997AD00230283 /* General */ = {
			isa = PBXGroup;
			children = (
				7281608E270D88FE0053A64D /* RegistrateViewController.swift */,
				7281608C270D83480053A64D /* IniciarSesionViewController.swift */,
				726EDEFF270C2FC7002BCE3E /* RecoverPasswordViewController.swift */,
				727BD5532739A4EE00230283 /* HomeViewController.swift */,
			);
			path = General;
			sourceTree = "<group>";
		};
		727BD54E273997B700230283 /* iPhone */ = {
			isa = PBXGroup;
			children = (
				726EDEED270C2301002BCE3E /* Main.storyboard */,
			);
			path = iPhone;
			sourceTree = "<group>";
		};
		727BD54F273997C100230283 /* Entities */ = {
			isa = PBXGroup;
			children = (
			);
			path = Entities;
			sourceTree = "<group>";
		};
		727BD550273997CD00230283 /* WebServices */ = {
			isa = PBXGroup;
			children = (
			);
			path = WebServices;
			sourceTree = "<group>";
		};
		E272947E3D2531270964D9C1 /* Frameworks */ = {
			isa = PBXGroup;
			children = (
				BAE5EA0CD1CD42C020DB14C9 /* Pods_Go_Place_Conductor.framework */,
			);
			name = Frameworks;
			sourceTree = "<group>";
		};
		E53E1E7F349D456283FCB231 /* Pods */ = {
			isa = PBXGroup;
			children = (
				CC36A18E03154DC1F4264117 /* Pods-Go Place Conductor.debug.xcconfig */,
				B6ED4835B57573E1614971B9 /* Pods-Go Place Conductor.release.xcconfig */,
			);
			path = Pods;
			sourceTree = "<group>";
		};
/* End PBXGroup section */

/* Begin PBXNativeTarget section */
		726EDEE3270C2301002BCE3E /* Go Place Conductor */ = {
			isa = PBXNativeTarget;
			buildConfigurationList = 726EDEF8270C2314002BCE3E /* Build configuration list for PBXNativeTarget "Go Place Conductor" */;
			buildPhases = (
				9BFCB8726D28007CAC4EA777 /* [CP] Check Pods Manifest.lock */,
				726EDEE0270C2301002BCE3E /* Sources */,
				726EDEE1270C2301002BCE3E /* Frameworks */,
				726EDEE2270C2301002BCE3E /* Resources */,
				174DE8FD18A4AA0BD816DF39 /* [CP] Embed Pods Frameworks */,
			);
			buildRules = (
			);
			dependencies = (
			);
			name = "Go Place Conductor";
			productName = "Go Place Conductor";
			productReference = 726EDEE4270C2301002BCE3E /* Go Place Conductor.app */;
			productType = "com.apple.product-type.application";
		};
/* End PBXNativeTarget section */

/* Begin PBXProject section */
		726EDEDC270C2300002BCE3E /* Project object */ = {
			isa = PBXProject;
			attributes = {
				LastSwiftUpdateCheck = 1250;
				LastUpgradeCheck = 1250;
				TargetAttributes = {
					726EDEE3270C2301002BCE3E = {
						CreatedOnToolsVersion = 12.5.1;
					};
				};
			};
			buildConfigurationList = 726EDEDF270C2300002BCE3E /* Build configuration list for PBXProject "Go Place Conductor" */;
			compatibilityVersion = "Xcode 9.3";
			developmentRegion = en;
			hasScannedForEncodings = 0;
			knownRegions = (
				en,
				Base,
			);
			mainGroup = 726EDEDB270C2300002BCE3E;
			productRefGroup = 726EDEE5270C2301002BCE3E /* Products */;
			projectDirPath = "";
			projectRoot = "";
			targets = (
				726EDEE3270C2301002BCE3E /* Go Place Conductor */,
			);
		};
/* End PBXProject section */

/* Begin PBXResourcesBuildPhase section */
		726EDEE2270C2301002BCE3E /* Resources */ = {
			isa = PBXResourcesBuildPhase;
			buildActionMask = 2147483647;
			files = (
				726EDEF4270C2314002BCE3E /* LaunchScreen.storyboard in Resources */,
				727BD54C2739969900230283 /* GoogleService-Info.plist in Resources */,
				726EDEF1270C2314002BCE3E /* Assets.xcassets in Resources */,
				726EDEEF270C2301002BCE3E /* Main.storyboard in Resources */,
			);
			runOnlyForDeploymentPostprocessing = 0;
		};
/* End PBXResourcesBuildPhase section */

/* Begin PBXShellScriptBuildPhase section */
		174DE8FD18A4AA0BD816DF39 /* [CP] Embed Pods Frameworks */ = {
			isa = PBXShellScriptBuildPhase;
			buildActionMask = 2147483647;
			files = (
			);
			inputFileListPaths = (
				"${PODS_ROOT}/Target Support Files/Pods-Go Place Conductor/Pods-Go Place Conductor-frameworks-${CONFIGURATION}-input-files.xcfilelist",
			);
			name = "[CP] Embed Pods Frameworks";
			outputFileListPaths = (
				"${PODS_ROOT}/Target Support Files/Pods-Go Place Conductor/Pods-Go Place Conductor-frameworks-${CONFIGURATION}-output-files.xcfilelist",
			);
			runOnlyForDeploymentPostprocessing = 0;
			shellPath = /bin/sh;
			shellScript = "\"${PODS_ROOT}/Target Support Files/Pods-Go Place Conductor/Pods-Go Place Conductor-frameworks.sh\"\n";
			showEnvVarsInLog = 0;
		};
		9BFCB8726D28007CAC4EA777 /* [CP] Check Pods Manifest.lock */ = {
			isa = PBXShellScriptBuildPhase;
			buildActionMask = 2147483647;
			files = (
			);
			inputFileListPaths = (
			);
			inputPaths = (
				"${PODS_PODFILE_DIR_PATH}/Podfile.lock",
				"${PODS_ROOT}/Manifest.lock",
			);
			name = "[CP] Check Pods Manifest.lock";
			outputFileListPaths = (
			);
			outputPaths = (
				"$(DERIVED_FILE_DIR)/Pods-Go Place Conductor-checkManifestLockResult.txt",
			);
			runOnlyForDeploymentPostprocessing = 0;
			shellPath = /bin/sh;
			shellScript = "diff \"${PODS_PODFILE_DIR_PATH}/Podfile.lock\" \"${PODS_ROOT}/Manifest.lock\" > /dev/null\nif [ $? != 0 ] ; then\n    # print error to STDERR\n    echo \"error: The sandbox is not in sync with the Podfile.lock. Run 'pod install' or update your CocoaPods installation.\" >&2\n    exit 1\nfi\n# This output is used by Xcode 'outputs' to avoid re-running this script phase.\necho \"SUCCESS\" > \"${SCRIPT_OUTPUT_FILE_0}\"\n";
			showEnvVarsInLog = 0;
		};
/* End PBXShellScriptBuildPhase section */

/* Begin PBXSourcesBuildPhase section */
		726EDEE0270C2301002BCE3E /* Sources */ = {
			isa = PBXSourcesBuildPhase;
			buildActionMask = 2147483647;
			files = (
				7281608F270D88FE0053A64D /* RegistrateViewController.swift in Sources */,
				727BD5522739986200230283 /* Service.swift in Sources */,
				726EDF00270C2FC7002BCE3E /* RecoverPasswordViewController.swift in Sources */,
				727BD5542739A4EE00230283 /* HomeViewController.swift in Sources */,
				726EDEEC270C2301002BCE3E /* ViewController.swift in Sources */,
				7281608D270D83480053A64D /* IniciarSesionViewController.swift in Sources */,
				726EDEE8270C2301002BCE3E /* AppDelegate.swift in Sources */,
				726EDEEA270C2301002BCE3E /* SceneDelegate.swift in Sources */,
			);
			runOnlyForDeploymentPostprocessing = 0;
		};
/* End PBXSourcesBuildPhase section */

/* Begin PBXVariantGroup section */
		726EDEED270C2301002BCE3E /* Main.storyboard */ = {
			isa = PBXVariantGroup;
			children = (
				726EDEEE270C2301002BCE3E /* Base */,
			);
			name = Main.storyboard;
			sourceTree = "<group>";
		};
		726EDEF2270C2314002BCE3E /* LaunchScreen.storyboard */ = {
			isa = PBXVariantGroup;
			children = (
				726EDEF3270C2314002BCE3E /* Base */,
			);
			name = LaunchScreen.storyboard;
			sourceTree = "<group>";
		};
/* End PBXVariantGroup section */

/* Begin XCBuildConfiguration section */
		726EDEF6270C2314002BCE3E /* Debug */ = {
			isa = XCBuildConfiguration;
			buildSettings = {
				ALWAYS_SEARCH_USER_PATHS = NO;
				CLANG_ANALYZER_NONNULL = YES;
				CLANG_ANALYZER_NUMBER_OBJECT_CONVERSION = YES_AGGRESSIVE;
				CLANG_CXX_LANGUAGE_STANDARD = "gnu++14";
				CLANG_CXX_LIBRARY = "libc++";
				CLANG_ENABLE_MODULES = YES;
				CLANG_ENABLE_OBJC_ARC = YES;
				CLANG_ENABLE_OBJC_WEAK = YES;
				CLANG_WARN_BLOCK_CAPTURE_AUTORELEASING = YES;
				CLANG_WARN_BOOL_CONVERSION = YES;
				CLANG_WARN_COMMA = YES;
				CLANG_WARN_CONSTANT_CONVERSION = YES;
				CLANG_WARN_DEPRECATED_OBJC_IMPLEMENTATIONS = YES;
				CLANG_WARN_DIRECT_OBJC_ISA_USAGE = YES_ERROR;
				CLANG_WARN_DOCUMENTATION_COMMENTS = YES;
				CLANG_WARN_EMPTY_BODY = YES;
				CLANG_WARN_ENUM_CONVERSION = YES;
				CLANG_WARN_INFINITE_RECURSION = YES;
				CLANG_WARN_INT_CONVERSION = YES;
				CLANG_WARN_NON_LITERAL_NULL_CONVERSION = YES;
				CLANG_WARN_OBJC_IMPLICIT_RETAIN_SELF = YES;
				CLANG_WARN_OBJC_LITERAL_CONVERSION = YES;
				CLANG_WARN_OBJC_ROOT_CLASS = YES_ERROR;
				CLANG_WARN_QUOTED_INCLUDE_IN_FRAMEWORK_HEADER = YES;
				CLANG_WARN_RANGE_LOOP_ANALYSIS = YES;
				CLANG_WARN_STRICT_PROTOTYPES = YES;
				CLANG_WARN_SUSPICIOUS_MOVE = YES;
				CLANG_WARN_UNGUARDED_AVAILABILITY = YES_AGGRESSIVE;
				CLANG_WARN_UNREACHABLE_CODE = YES;
				CLANG_WARN__DUPLICATE_METHOD_MATCH = YES;
				COPY_PHASE_STRIP = NO;
				DEBUG_INFORMATION_FORMAT = dwarf;
				ENABLE_STRICT_OBJC_MSGSEND = YES;
				ENABLE_TESTABILITY = YES;
				GCC_C_LANGUAGE_STANDARD = gnu11;
				GCC_DYNAMIC_NO_PIC = NO;
				GCC_NO_COMMON_BLOCKS = YES;
				GCC_OPTIMIZATION_LEVEL = 0;
				GCC_PREPROCESSOR_DEFINITIONS = (
					"DEBUG=1",
					"$(inherited)",
				);
				GCC_WARN_64_TO_32_BIT_CONVERSION = YES;
				GCC_WARN_ABOUT_RETURN_TYPE = YES_ERROR;
				GCC_WARN_UNDECLARED_SELECTOR = YES;
				GCC_WARN_UNINITIALIZED_AUTOS = YES_AGGRESSIVE;
				GCC_WARN_UNUSED_FUNCTION = YES;
				GCC_WARN_UNUSED_VARIABLE = YES;
				IPHONEOS_DEPLOYMENT_TARGET = 14.5;
				MTL_ENABLE_DEBUG_INFO = INCLUDE_SOURCE;
				MTL_FAST_MATH = YES;
				ONLY_ACTIVE_ARCH = YES;
				SDKROOT = iphoneos;
				SWIFT_ACTIVE_COMPILATION_CONDITIONS = DEBUG;
				SWIFT_OPTIMIZATION_LEVEL = "-Onone";
			};
			name = Debug;
		};
		726EDEF7270C2314002BCE3E /* Release */ = {
			isa = XCBuildConfiguration;
			buildSettings = {
				ALWAYS_SEARCH_USER_PATHS = NO;
				CLANG_ANALYZER_NONNULL = YES;
				CLANG_ANALYZER_NUMBER_OBJECT_CONVERSION = YES_AGGRESSIVE;
				CLANG_CXX_LANGUAGE_STANDARD = "gnu++14";
				CLANG_CXX_LIBRARY = "libc++";
				CLANG_ENABLE_MODULES = YES;
				CLANG_ENABLE_OBJC_ARC = YES;
				CLANG_ENABLE_OBJC_WEAK = YES;
				CLANG_WARN_BLOCK_CAPTURE_AUTORELEASING = YES;
				CLANG_WARN_BOOL_CONVERSION = YES;
				CLANG_WARN_COMMA = YES;
				CLANG_WARN_CONSTANT_CONVERSION = YES;
				CLANG_WARN_DEPRECATED_OBJC_IMPLEMENTATIONS = YES;
				CLANG_WARN_DIRECT_OBJC_ISA_USAGE = YES_ERROR;
				CLANG_WARN_DOCUMENTATION_COMMENTS = YES;
				CLANG_WARN_EMPTY_BODY = YES;
				CLANG_WARN_ENUM_CONVERSION = YES;
				CLANG_WARN_INFINITE_RECURSION = YES;
				CLANG_WARN_INT_CONVERSION = YES;
				CLANG_WARN_NON_LITERAL_NULL_CONVERSION = YES;
				CLANG_WARN_OBJC_IMPLICIT_RETAIN_SELF = YES;
				CLANG_WARN_OBJC_LITERAL_CONVERSION = YES;
				CLANG_WARN_OBJC_ROOT_CLASS = YES_ERROR;
				CLANG_WARN_QUOTED_INCLUDE_IN_FRAMEWORK_HEADER = YES;
				CLANG_WARN_RANGE_LOOP_ANALYSIS = YES;
				CLANG_WARN_STRICT_PROTOTYPES = YES;
				CLANG_WARN_SUSPICIOUS_MOVE = YES;
				CLANG_WARN_UNGUARDED_AVAILABILITY = YES_AGGRESSIVE;
				CLANG_WARN_UNREACHABLE_CODE = YES;
				CLANG_WARN__DUPLICATE_METHOD_MATCH = YES;
				COPY_PHASE_STRIP = NO;
				DEBUG_INFORMATION_FORMAT = "dwarf-with-dsym";
				ENABLE_NS_ASSERTIONS = NO;
				ENABLE_STRICT_OBJC_MSGSEND = YES;
				GCC_C_LANGUAGE_STANDARD = gnu11;
				GCC_NO_COMMON_BLOCKS = YES;
				GCC_WARN_64_TO_32_BIT_CONVERSION = YES;
				GCC_WARN_ABOUT_RETURN_TYPE = YES_ERROR;
				GCC_WARN_UNDECLARED_SELECTOR = YES;
				GCC_WARN_UNINITIALIZED_AUTOS = YES_AGGRESSIVE;
				GCC_WARN_UNUSED_FUNCTION = YES;
				GCC_WARN_UNUSED_VARIABLE = YES;
				IPHONEOS_DEPLOYMENT_TARGET = 14.5;
				MTL_ENABLE_DEBUG_INFO = NO;
				MTL_FAST_MATH = YES;
				SDKROOT = iphoneos;
				SWIFT_COMPILATION_MODE = wholemodule;
				SWIFT_OPTIMIZATION_LEVEL = "-O";
				VALIDATE_PRODUCT = YES;
			};
			name = Release;
		};
		726EDEF9270C2314002BCE3E /* Debug */ = {
			isa = XCBuildConfiguration;
			baseConfigurationReference = CC36A18E03154DC1F4264117 /* Pods-Go Place Conductor.debug.xcconfig */;
			buildSettings = {
				ASSETCATALOG_COMPILER_APPICON_NAME = AppIcon;
				ASSETCATALOG_COMPILER_GLOBAL_ACCENT_COLOR_NAME = AccentColor;
				CODE_SIGN_STYLE = Automatic;
				INFOPLIST_FILE = "Go Place Conductor/Info.plist";
				LD_RUNPATH_SEARCH_PATHS = (
					"$(inherited)",
					"@executable_path/Frameworks",
				);
				PRODUCT_BUNDLE_IDENTIFIER = "com.lmap.Go-Place-Conductor";
				PRODUCT_NAME = "$(TARGET_NAME)";
				SWIFT_VERSION = 5.0;
				TARGETED_DEVICE_FAMILY = "1,2";
			};
			name = Debug;
		};
		726EDEFA270C2314002BCE3E /* Release */ = {
			isa = XCBuildConfiguration;
			baseConfigurationReference = B6ED4835B57573E1614971B9 /* Pods-Go Place Conductor.release.xcconfig */;
			buildSettings = {
				ASSETCATALOG_COMPILER_APPICON_NAME = AppIcon;
				ASSETCATALOG_COMPILER_GLOBAL_ACCENT_COLOR_NAME = AccentColor;
				CODE_SIGN_STYLE = Automatic;
				INFOPLIST_FILE = "Go Place Conductor/Info.plist";
				LD_RUNPATH_SEARCH_PATHS = (
					"$(inherited)",
					"@executable_path/Frameworks",
				);
				PRODUCT_BUNDLE_IDENTIFIER = "com.lmap.Go-Place-Conductor";
				PRODUCT_NAME = "$(TARGET_NAME)";
				SWIFT_VERSION = 5.0;
				TARGETED_DEVICE_FAMILY = "1,2";
			};
			name = Release;
		};
/* End XCBuildConfiguration section */

/* Begin XCConfigurationList section */
		726EDEDF270C2300002BCE3E /* Build configuration list for PBXProject "Go Place Conductor" */ = {
			isa = XCConfigurationList;
			buildConfigurations = (
				726EDEF6270C2314002BCE3E /* Debug */,
				726EDEF7270C2314002BCE3E /* Release */,
			);
			defaultConfigurationIsVisible = 0;
			defaultConfigurationName = Release;
		};
		726EDEF8270C2314002BCE3E /* Build configuration list for PBXNativeTarget "Go Place Conductor" */ = {
			isa = XCConfigurationList;
			buildConfigurations = (
				726EDEF9270C2314002BCE3E /* Debug */,
				726EDEFA270C2314002BCE3E /* Release */,
			);
			defaultConfigurationIsVisible = 0;
			defaultConfigurationName = Release;
		};
/* End XCConfigurationList section */
	};
	rootObject = 726EDEDC270C2300002BCE3E /* Project object */;
}
